// !$*UTF8*$!
{
	archiveVersion = 1;
	classes = {
	};
	objectVersion = 46;
	objects = {

/* Begin PBXBuildFile section */
		831DD5A41E1E0CD500FD771A /* main.m in Sources */ = {isa = PBXBuildFile; fileRef = 831DD5A31E1E0CD500FD771A /* main.m */; };
		831DD5A71E1E0CD500FD771A /* AppDelegate.m in Sources */ = {isa = PBXBuildFile; fileRef = 831DD5A61E1E0CD500FD771A /* AppDelegate.m */; };
		831DD5AA1E1E0CD500FD771A /* ViewController.m in Sources */ = {isa = PBXBuildFile; fileRef = 831DD5A91E1E0CD500FD771A /* ViewController.m */; };
		831DD5AD1E1E0CD500FD771A /* Main.storyboard in Resources */ = {isa = PBXBuildFile; fileRef = 831DD5AB1E1E0CD500FD771A /* Main.storyboard */; };
		831DD5B01E1E0CD500FD771A /* CollectionView.xcdatamodeld in Sources */ = {isa = PBXBuildFile; fileRef = 831DD5AE1E1E0CD500FD771A /* CollectionView.xcdatamodeld */; };
		831DD5B21E1E0CD500FD771A /* Assets.xcassets in Resources */ = {isa = PBXBuildFile; fileRef = 831DD5B11E1E0CD500FD771A /* Assets.xcassets */; };
		831DD5B51E1E0CD500FD771A /* LaunchScreen.storyboard in Resources */ = {isa = PBXBuildFile; fileRef = 831DD5B31E1E0CD500FD771A /* LaunchScreen.storyboard */; };
		831DD5C01E1E0CD500FD771A /* CollectionViewTests.m in Sources */ = {isa = PBXBuildFile; fileRef = 831DD5BF1E1E0CD500FD771A /* CollectionViewTests.m */; };
		831DD5CB1E1E0CD500FD771A /* CollectionViewUITests.m in Sources */ = {isa = PBXBuildFile; fileRef = 831DD5CA1E1E0CD500FD771A /* CollectionViewUITests.m */; };
		835424D91E1F348A00893C8E /* FLAnimatedImageView+WebCache.m in Sources */ = {isa = PBXBuildFile; fileRef = 835424B11E1F348A00893C8E /* FLAnimatedImageView+WebCache.m */; };
		835424DA1E1F348A00893C8E /* MKAnnotationView+WebCache.m in Sources */ = {isa = PBXBuildFile; fileRef = 835424B31E1F348A00893C8E /* MKAnnotationView+WebCache.m */; };
		835424DB1E1F348A00893C8E /* NSData+ImageContentType.m in Sources */ = {isa = PBXBuildFile; fileRef = 835424B51E1F348A00893C8E /* NSData+ImageContentType.m */; };
		835424DC1E1F348A00893C8E /* NSImage+WebCache.m in Sources */ = {isa = PBXBuildFile; fileRef = 835424B71E1F348A00893C8E /* NSImage+WebCache.m */; };
		835424DD1E1F348A00893C8E /* SDImageCache.m in Sources */ = {isa = PBXBuildFile; fileRef = 835424B91E1F348A00893C8E /* SDImageCache.m */; };
		835424DE1E1F348A00893C8E /* SDImageCacheConfig.m in Sources */ = {isa = PBXBuildFile; fileRef = 835424BB1E1F348A00893C8E /* SDImageCacheConfig.m */; };
		835424DF1E1F348A00893C8E /* SDWebImageCompat.m in Sources */ = {isa = PBXBuildFile; fileRef = 835424BD1E1F348A00893C8E /* SDWebImageCompat.m */; };
		835424E01E1F348A00893C8E /* SDWebImageDecoder.m in Sources */ = {isa = PBXBuildFile; fileRef = 835424BF1E1F348A00893C8E /* SDWebImageDecoder.m */; };
		835424E11E1F348A00893C8E /* SDWebImageDownloader.m in Sources */ = {isa = PBXBuildFile; fileRef = 835424C11E1F348A00893C8E /* SDWebImageDownloader.m */; };
		835424E21E1F348A00893C8E /* SDWebImageDownloaderOperation.m in Sources */ = {isa = PBXBuildFile; fileRef = 835424C31E1F348A00893C8E /* SDWebImageDownloaderOperation.m */; };
		835424E31E1F348A00893C8E /* SDWebImageManager.m in Sources */ = {isa = PBXBuildFile; fileRef = 835424C51E1F348A00893C8E /* SDWebImageManager.m */; };
		835424E41E1F348A00893C8E /* SDWebImagePrefetcher.m in Sources */ = {isa = PBXBuildFile; fileRef = 835424C81E1F348A00893C8E /* SDWebImagePrefetcher.m */; };
		835424E51E1F348A00893C8E /* UIButton+WebCache.m in Sources */ = {isa = PBXBuildFile; fileRef = 835424CA1E1F348A00893C8E /* UIButton+WebCache.m */; };
		835424E61E1F348A00893C8E /* UIImage+GIF.m in Sources */ = {isa = PBXBuildFile; fileRef = 835424CC1E1F348A00893C8E /* UIImage+GIF.m */; };
		835424E71E1F348A00893C8E /* UIImage+MultiFormat.m in Sources */ = {isa = PBXBuildFile; fileRef = 835424CE1E1F348A00893C8E /* UIImage+MultiFormat.m */; };
		835424E81E1F348A00893C8E /* UIImage+WebP.m in Sources */ = {isa = PBXBuildFile; fileRef = 835424D01E1F348A00893C8E /* UIImage+WebP.m */; };
		835424E91E1F348A00893C8E /* UIImageView+HighlightedWebCache.m in Sources */ = {isa = PBXBuildFile; fileRef = 835424D21E1F348A00893C8E /* UIImageView+HighlightedWebCache.m */; };
		835424EA1E1F348A00893C8E /* UIImageView+WebCache.m in Sources */ = {isa = PBXBuildFile; fileRef = 835424D41E1F348A00893C8E /* UIImageView+WebCache.m */; };
		835424EB1E1F348A00893C8E /* UIView+WebCache.m in Sources */ = {isa = PBXBuildFile; fileRef = 835424D61E1F348A00893C8E /* UIView+WebCache.m */; };
		835424EC1E1F348A00893C8E /* UIView+WebCacheOperation.m in Sources */ = {isa = PBXBuildFile; fileRef = 835424D81E1F348A00893C8E /* UIView+WebCacheOperation.m */; };
		835424F31E1F353000893C8E /* FLAnimatedImage.m in Sources */ = {isa = PBXBuildFile; fileRef = 835424EF1E1F353000893C8E /* FLAnimatedImage.m */; };
		835424F41E1F353000893C8E /* FLAnimatedImageView.m in Sources */ = {isa = PBXBuildFile; fileRef = 835424F11E1F353000893C8E /* FLAnimatedImageView.m */; };
		835424F81E1F5FBA00893C8E /* YBImageGalleryView.m in Sources */ = {isa = PBXBuildFile; fileRef = 835424F71E1F5FBA00893C8E /* YBImageGalleryView.m */; };
		835424FB1E1F625F00893C8E /* TestViewController.m in Sources */ = {isa = PBXBuildFile; fileRef = 835424FA1E1F625F00893C8E /* TestViewController.m */; };
		835424FE1E1F881200893C8E /* YBImageGalleryTopView.m in Sources */ = {isa = PBXBuildFile; fileRef = 835424FD1E1F881200893C8E /* YBImageGalleryTopView.m */; };
		835425011E1F882A00893C8E /* YBImageGalleryBottomView.m in Sources */ = {isa = PBXBuildFile; fileRef = 835425001E1F882A00893C8E /* YBImageGalleryBottomView.m */; };
		83F5ABF41E1E301C00067DFD /* ImageCollectionCell.m in Sources */ = {isa = PBXBuildFile; fileRef = 83F5ABF21E1E301C00067DFD /* ImageCollectionCell.m */; };
		83F5ABF51E1E301C00067DFD /* ImageCollectionCell.xib in Resources */ = {isa = PBXBuildFile; fileRef = 83F5ABF31E1E301C00067DFD /* ImageCollectionCell.xib */; };
		83F5AC3A1E1E3D2E00067DFD /* YBShowImageCollectionViewCell.m in Sources */ = {isa = PBXBuildFile; fileRef = 83F5AC391E1E3D2E00067DFD /* YBShowImageCollectionViewCell.m */; };
/* End PBXBuildFile section */

/* Begin PBXContainerItemProxy section */
		831DD5BC1E1E0CD500FD771A /* PBXContainerItemProxy */ = {
			isa = PBXContainerItemProxy;
			containerPortal = 831DD5971E1E0CD500FD771A /* Project object */;
			proxyType = 1;
			remoteGlobalIDString = 831DD59E1E1E0CD500FD771A;
			remoteInfo = CollectionView;
		};
		831DD5C71E1E0CD500FD771A /* PBXContainerItemProxy */ = {
			isa = PBXContainerItemProxy;
			containerPortal = 831DD5971E1E0CD500FD771A /* Project object */;
			proxyType = 1;
			remoteGlobalIDString = 831DD59E1E1E0CD500FD771A;
			remoteInfo = CollectionView;
		};
/* End PBXContainerItemProxy section */

/* Begin PBXFileReference section */
		831DD59F1E1E0CD500FD771A /* CollectionView.app */ = {isa = PBXFileReference; explicitFileType = wrapper.application; includeInIndex = 0; path = CollectionView.app; sourceTree = BUILT_PRODUCTS_DIR; };
		831DD5A31E1E0CD500FD771A /* main.m */ = {isa = PBXFileReference; lastKnownFileType = sourcecode.c.objc; path = main.m; sourceTree = "<group>"; };
		831DD5A51E1E0CD500FD771A /* AppDelegate.h */ = {isa = PBXFileReference; lastKnownFileType = sourcecode.c.h; path = AppDelegate.h; sourceTree = "<group>"; };
		831DD5A61E1E0CD500FD771A /* AppDelegate.m */ = {isa = PBXFileReference; lastKnownFileType = sourcecode.c.objc; path = AppDelegate.m; sourceTree = "<group>"; };
		831DD5A81E1E0CD500FD771A /* ViewController.h */ = {isa = PBXFileReference; lastKnownFileType = sourcecode.c.h; path = ViewController.h; sourceTree = "<group>"; };
		831DD5A91E1E0CD500FD771A /* ViewController.m */ = {isa = PBXFileReference; lastKnownFileType = sourcecode.c.objc; path = ViewController.m; sourceTree = "<group>"; };
		831DD5AC1E1E0CD500FD771A /* Base */ = {isa = PBXFileReference; lastKnownFileType = file.storyboard; name = Base; path = Base.lproj/Main.storyboard; sourceTree = "<group>"; };
		831DD5AF1E1E0CD500FD771A /* CollectionView.xcdatamodel */ = {isa = PBXFileReference; lastKnownFileType = wrapper.xcdatamodel; path = CollectionView.xcdatamodel; sourceTree = "<group>"; };
		831DD5B11E1E0CD500FD771A /* Assets.xcassets */ = {isa = PBXFileReference; lastKnownFileType = folder.assetcatalog; path = Assets.xcassets; sourceTree = "<group>"; };
		831DD5B41E1E0CD500FD771A /* Base */ = {isa = PBXFileReference; lastKnownFileType = file.storyboard; name = Base; path = Base.lproj/LaunchScreen.storyboard; sourceTree = "<group>"; };
		831DD5B61E1E0CD500FD771A /* Info.plist */ = {isa = PBXFileReference; lastKnownFileType = text.plist.xml; path = Info.plist; sourceTree = "<group>"; };
		831DD5BB1E1E0CD500FD771A /* CollectionViewTests.xctest */ = {isa = PBXFileReference; explicitFileType = wrapper.cfbundle; includeInIndex = 0; path = CollectionViewTests.xctest; sourceTree = BUILT_PRODUCTS_DIR; };
		831DD5BF1E1E0CD500FD771A /* CollectionViewTests.m */ = {isa = PBXFileReference; lastKnownFileType = sourcecode.c.objc; path = CollectionViewTests.m; sourceTree = "<group>"; };
		831DD5C11E1E0CD500FD771A /* Info.plist */ = {isa = PBXFileReference; lastKnownFileType = text.plist.xml; path = Info.plist; sourceTree = "<group>"; };
		831DD5C61E1E0CD500FD771A /* CollectionViewUITests.xctest */ = {isa = PBXFileReference; explicitFileType = wrapper.cfbundle; includeInIndex = 0; path = CollectionViewUITests.xctest; sourceTree = BUILT_PRODUCTS_DIR; };
		831DD5CA1E1E0CD500FD771A /* CollectionViewUITests.m */ = {isa = PBXFileReference; lastKnownFileType = sourcecode.c.objc; path = CollectionViewUITests.m; sourceTree = "<group>"; };
		831DD5CC1E1E0CD500FD771A /* Info.plist */ = {isa = PBXFileReference; lastKnownFileType = text.plist.xml; path = Info.plist; sourceTree = "<group>"; };
		835424B01E1F348A00893C8E /* FLAnimatedImageView+WebCache.h */ = {isa = PBXFileReference; fileEncoding = 4; lastKnownFileType = sourcecode.c.h; path = "FLAnimatedImageView+WebCache.h"; sourceTree = "<group>"; };
		835424B11E1F348A00893C8E /* FLAnimatedImageView+WebCache.m */ = {isa = PBXFileReference; fileEncoding = 4; lastKnownFileType = sourcecode.c.objc; path = "FLAnimatedImageView+WebCache.m"; sourceTree = "<group>"; };
		835424B21E1F348A00893C8E /* MKAnnotationView+WebCache.h */ = {isa = PBXFileReference; fileEncoding = 4; lastKnownFileType = sourcecode.c.h; path = "MKAnnotationView+WebCache.h"; sourceTree = "<group>"; };
		835424B31E1F348A00893C8E /* MKAnnotationView+WebCache.m */ = {isa = PBXFileReference; fileEncoding = 4; lastKnownFileType = sourcecode.c.objc; path = "MKAnnotationView+WebCache.m"; sourceTree = "<group>"; };
		835424B41E1F348A00893C8E /* NSData+ImageContentType.h */ = {isa = PBXFileReference; fileEncoding = 4; lastKnownFileType = sourcecode.c.h; path = "NSData+ImageContentType.h"; sourceTree = "<group>"; };
		835424B51E1F348A00893C8E /* NSData+ImageContentType.m */ = {isa = PBXFileReference; fileEncoding = 4; lastKnownFileType = sourcecode.c.objc; path = "NSData+ImageContentType.m"; sourceTree = "<group>"; };
		835424B61E1F348A00893C8E /* NSImage+WebCache.h */ = {isa = PBXFileReference; fileEncoding = 4; lastKnownFileType = sourcecode.c.h; path = "NSImage+WebCache.h"; sourceTree = "<group>"; };
		835424B71E1F348A00893C8E /* NSImage+WebCache.m */ = {isa = PBXFileReference; fileEncoding = 4; lastKnownFileType = sourcecode.c.objc; path = "NSImage+WebCache.m"; sourceTree = "<group>"; };
		835424B81E1F348A00893C8E /* SDImageCache.h */ = {isa = PBXFileReference; fileEncoding = 4; lastKnownFileType = sourcecode.c.h; path = SDImageCache.h; sourceTree = "<group>"; };
		835424B91E1F348A00893C8E /* SDImageCache.m */ = {isa = PBXFileReference; fileEncoding = 4; lastKnownFileType = sourcecode.c.objc; path = SDImageCache.m; sourceTree = "<group>"; };
		835424BA1E1F348A00893C8E /* SDImageCacheConfig.h */ = {isa = PBXFileReference; fileEncoding = 4; lastKnownFileType = sourcecode.c.h; path = SDImageCacheConfig.h; sourceTree = "<group>"; };
		835424BB1E1F348A00893C8E /* SDImageCacheConfig.m */ = {isa = PBXFileReference; fileEncoding = 4; lastKnownFileType = sourcecode.c.objc; path = SDImageCacheConfig.m; sourceTree = "<group>"; };
		835424BC1E1F348A00893C8E /* SDWebImageCompat.h */ = {isa = PBXFileReference; fileEncoding = 4; lastKnownFileType = sourcecode.c.h; path = SDWebImageCompat.h; sourceTree = "<group>"; };
		835424BD1E1F348A00893C8E /* SDWebImageCompat.m */ = {isa = PBXFileReference; fileEncoding = 4; lastKnownFileType = sourcecode.c.objc; path = SDWebImageCompat.m; sourceTree = "<group>"; };
		835424BE1E1F348A00893C8E /* SDWebImageDecoder.h */ = {isa = PBXFileReference; fileEncoding = 4; lastKnownFileType = sourcecode.c.h; path = SDWebImageDecoder.h; sourceTree = "<group>"; };
		835424BF1E1F348A00893C8E /* SDWebImageDecoder.m */ = {isa = PBXFileReference; fileEncoding = 4; lastKnownFileType = sourcecode.c.objc; path = SDWebImageDecoder.m; sourceTree = "<group>"; };
		835424C01E1F348A00893C8E /* SDWebImageDownloader.h */ = {isa = PBXFileReference; fileEncoding = 4; lastKnownFileType = sourcecode.c.h; path = SDWebImageDownloader.h; sourceTree = "<group>"; };
		835424C11E1F348A00893C8E /* SDWebImageDownloader.m */ = {isa = PBXFileReference; fileEncoding = 4; lastKnownFileType = sourcecode.c.objc; path = SDWebImageDownloader.m; sourceTree = "<group>"; };
		835424C21E1F348A00893C8E /* SDWebImageDownloaderOperation.h */ = {isa = PBXFileReference; fileEncoding = 4; lastKnownFileType = sourcecode.c.h; path = SDWebImageDownloaderOperation.h; sourceTree = "<group>"; };
		835424C31E1F348A00893C8E /* SDWebImageDownloaderOperation.m */ = {isa = PBXFileReference; fileEncoding = 4; lastKnownFileType = sourcecode.c.objc; path = SDWebImageDownloaderOperation.m; sourceTree = "<group>"; };
		835424C41E1F348A00893C8E /* SDWebImageManager.h */ = {isa = PBXFileReference; fileEncoding = 4; lastKnownFileType = sourcecode.c.h; path = SDWebImageManager.h; sourceTree = "<group>"; };
		835424C51E1F348A00893C8E /* SDWebImageManager.m */ = {isa = PBXFileReference; fileEncoding = 4; lastKnownFileType = sourcecode.c.objc; path = SDWebImageManager.m; sourceTree = "<group>"; };
		835424C61E1F348A00893C8E /* SDWebImageOperation.h */ = {isa = PBXFileReference; fileEncoding = 4; lastKnownFileType = sourcecode.c.h; path = SDWebImageOperation.h; sourceTree = "<group>"; };
		835424C71E1F348A00893C8E /* SDWebImagePrefetcher.h */ = {isa = PBXFileReference; fileEncoding = 4; lastKnownFileType = sourcecode.c.h; path = SDWebImagePrefetcher.h; sourceTree = "<group>"; };
		835424C81E1F348A00893C8E /* SDWebImagePrefetcher.m */ = {isa = PBXFileReference; fileEncoding = 4; lastKnownFileType = sourcecode.c.objc; path = SDWebImagePrefetcher.m; sourceTree = "<group>"; };
		835424C91E1F348A00893C8E /* UIButton+WebCache.h */ = {isa = PBXFileReference; fileEncoding = 4; lastKnownFileType = sourcecode.c.h; path = "UIButton+WebCache.h"; sourceTree = "<group>"; };
		835424CA1E1F348A00893C8E /* UIButton+WebCache.m */ = {isa = PBXFileReference; fileEncoding = 4; lastKnownFileType = sourcecode.c.objc; path = "UIButton+WebCache.m"; sourceTree = "<group>"; };
		835424CB1E1F348A00893C8E /* UIImage+GIF.h */ = {isa = PBXFileReference; fileEncoding = 4; lastKnownFileType = sourcecode.c.h; path = "UIImage+GIF.h"; sourceTree = "<group>"; };
		835424CC1E1F348A00893C8E /* UIImage+GIF.m */ = {isa = PBXFileReference; fileEncoding = 4; lastKnownFileType = sourcecode.c.objc; path = "UIImage+GIF.m"; sourceTree = "<group>"; };
		835424CD1E1F348A00893C8E /* UIImage+MultiFormat.h */ = {isa = PBXFileReference; fileEncoding = 4; lastKnownFileType = sourcecode.c.h; path = "UIImage+MultiFormat.h"; sourceTree = "<group>"; };
		835424CE1E1F348A00893C8E /* UIImage+MultiFormat.m */ = {isa = PBXFileReference; fileEncoding = 4; lastKnownFileType = sourcecode.c.objc; path = "UIImage+MultiFormat.m"; sourceTree = "<group>"; };
		835424CF1E1F348A00893C8E /* UIImage+WebP.h */ = {isa = PBXFileReference; fileEncoding = 4; lastKnownFileType = sourcecode.c.h; path = "UIImage+WebP.h"; sourceTree = "<group>"; };
		835424D01E1F348A00893C8E /* UIImage+WebP.m */ = {isa = PBXFileReference; fileEncoding = 4; lastKnownFileType = sourcecode.c.objc; path = "UIImage+WebP.m"; sourceTree = "<group>"; };
		835424D11E1F348A00893C8E /* UIImageView+HighlightedWebCache.h */ = {isa = PBXFileReference; fileEncoding = 4; lastKnownFileType = sourcecode.c.h; path = "UIImageView+HighlightedWebCache.h"; sourceTree = "<group>"; };
		835424D21E1F348A00893C8E /* UIImageView+HighlightedWebCache.m */ = {isa = PBXFileReference; fileEncoding = 4; lastKnownFileType = sourcecode.c.objc; path = "UIImageView+HighlightedWebCache.m"; sourceTree = "<group>"; };
		835424D31E1F348A00893C8E /* UIImageView+WebCache.h */ = {isa = PBXFileReference; fileEncoding = 4; lastKnownFileType = sourcecode.c.h; path = "UIImageView+WebCache.h"; sourceTree = "<group>"; };
		835424D41E1F348A00893C8E /* UIImageView+WebCache.m */ = {isa = PBXFileReference; fileEncoding = 4; lastKnownFileType = sourcecode.c.objc; path = "UIImageView+WebCache.m"; sourceTree = "<group>"; };
		835424D51E1F348A00893C8E /* UIView+WebCache.h */ = {isa = PBXFileReference; fileEncoding = 4; lastKnownFileType = sourcecode.c.h; path = "UIView+WebCache.h"; sourceTree = "<group>"; };
		835424D61E1F348A00893C8E /* UIView+WebCache.m */ = {isa = PBXFileReference; fileEncoding = 4; lastKnownFileType = sourcecode.c.objc; path = "UIView+WebCache.m"; sourceTree = "<group>"; };
		835424D71E1F348A00893C8E /* UIView+WebCacheOperation.h */ = {isa = PBXFileReference; fileEncoding = 4; lastKnownFileType = sourcecode.c.h; path = "UIView+WebCacheOperation.h"; sourceTree = "<group>"; };
		835424D81E1F348A00893C8E /* UIView+WebCacheOperation.m */ = {isa = PBXFileReference; fileEncoding = 4; lastKnownFileType = sourcecode.c.objc; path = "UIView+WebCacheOperation.m"; sourceTree = "<group>"; };
		835424EE1E1F353000893C8E /* FLAnimatedImage.h */ = {isa = PBXFileReference; fileEncoding = 4; lastKnownFileType = sourcecode.c.h; path = FLAnimatedImage.h; sourceTree = "<group>"; };
		835424EF1E1F353000893C8E /* FLAnimatedImage.m */ = {isa = PBXFileReference; fileEncoding = 4; lastKnownFileType = sourcecode.c.objc; path = FLAnimatedImage.m; sourceTree = "<group>"; };
		835424F01E1F353000893C8E /* FLAnimatedImageView.h */ = {isa = PBXFileReference; fileEncoding = 4; lastKnownFileType = sourcecode.c.h; path = FLAnimatedImageView.h; sourceTree = "<group>"; };
		835424F11E1F353000893C8E /* FLAnimatedImageView.m */ = {isa = PBXFileReference; fileEncoding = 4; lastKnownFileType = sourcecode.c.objc; path = FLAnimatedImageView.m; sourceTree = "<group>"; };
		835424F61E1F5FBA00893C8E /* YBImageGalleryView.h */ = {isa = PBXFileReference; fileEncoding = 4; lastKnownFileType = sourcecode.c.h; path = YBImageGalleryView.h; sourceTree = "<group>"; };
		835424F71E1F5FBA00893C8E /* YBImageGalleryView.m */ = {isa = PBXFileReference; fileEncoding = 4; lastKnownFileType = sourcecode.c.objc; path = YBImageGalleryView.m; sourceTree = "<group>"; };
		835424F91E1F625F00893C8E /* TestViewController.h */ = {isa = PBXFileReference; fileEncoding = 4; lastKnownFileType = sourcecode.c.h; path = TestViewController.h; sourceTree = "<group>"; };
		835424FA1E1F625F00893C8E /* TestViewController.m */ = {isa = PBXFileReference; fileEncoding = 4; lastKnownFileType = sourcecode.c.objc; path = TestViewController.m; sourceTree = "<group>"; };
		835424FC1E1F881200893C8E /* YBImageGalleryTopView.h */ = {isa = PBXFileReference; fileEncoding = 4; lastKnownFileType = sourcecode.c.h; path = YBImageGalleryTopView.h; sourceTree = "<group>"; };
		835424FD1E1F881200893C8E /* YBImageGalleryTopView.m */ = {isa = PBXFileReference; fileEncoding = 4; lastKnownFileType = sourcecode.c.objc; path = YBImageGalleryTopView.m; sourceTree = "<group>"; };
		835424FF1E1F882A00893C8E /* YBImageGalleryBottomView.h */ = {isa = PBXFileReference; fileEncoding = 4; lastKnownFileType = sourcecode.c.h; path = YBImageGalleryBottomView.h; sourceTree = "<group>"; };
		835425001E1F882A00893C8E /* YBImageGalleryBottomView.m */ = {isa = PBXFileReference; fileEncoding = 4; lastKnownFileType = sourcecode.c.objc; path = YBImageGalleryBottomView.m; sourceTree = "<group>"; };
		83F5ABF11E1E301C00067DFD /* ImageCollectionCell.h */ = {isa = PBXFileReference; fileEncoding = 4; lastKnownFileType = sourcecode.c.h; path = ImageCollectionCell.h; sourceTree = "<group>"; };
		83F5ABF21E1E301C00067DFD /* ImageCollectionCell.m */ = {isa = PBXFileReference; fileEncoding = 4; lastKnownFileType = sourcecode.c.objc; path = ImageCollectionCell.m; sourceTree = "<group>"; };
		83F5ABF31E1E301C00067DFD /* ImageCollectionCell.xib */ = {isa = PBXFileReference; fileEncoding = 4; lastKnownFileType = file.xib; path = ImageCollectionCell.xib; sourceTree = "<group>"; };
		83F5AC381E1E3D2E00067DFD /* YBShowImageCollectionViewCell.h */ = {isa = PBXFileReference; fileEncoding = 4; lastKnownFileType = sourcecode.c.h; path = YBShowImageCollectionViewCell.h; sourceTree = "<group>"; };
		83F5AC391E1E3D2E00067DFD /* YBShowImageCollectionViewCell.m */ = {isa = PBXFileReference; fileEncoding = 4; lastKnownFileType = sourcecode.c.objc; path = YBShowImageCollectionViewCell.m; sourceTree = "<group>"; };
/* End PBXFileReference section */

/* Begin PBXFrameworksBuildPhase section */
		831DD59C1E1E0CD500FD771A /* Frameworks */ = {
			isa = PBXFrameworksBuildPhase;
			buildActionMask = 2147483647;
			files = (
			);
			runOnlyForDeploymentPostprocessing = 0;
		};
		831DD5B81E1E0CD500FD771A /* Frameworks */ = {
			isa = PBXFrameworksBuildPhase;
			buildActionMask = 2147483647;
			files = (
			);
			runOnlyForDeploymentPostprocessing = 0;
		};
		831DD5C31E1E0CD500FD771A /* Frameworks */ = {
			isa = PBXFrameworksBuildPhase;
			buildActionMask = 2147483647;
			files = (
			);
			runOnlyForDeploymentPostprocessing = 0;
		};
/* End PBXFrameworksBuildPhase section */

/* Begin PBXGroup section */
		831DD5961E1E0CD500FD771A = {
			isa = PBXGroup;
			children = (
				831DD5A11E1E0CD500FD771A /* CollectionView */,
				831DD5BE1E1E0CD500FD771A /* CollectionViewTests */,
				831DD5C91E1E0CD500FD771A /* CollectionViewUITests */,
				831DD5A01E1E0CD500FD771A /* Products */,
			);
			sourceTree = "<group>";
		};
		831DD5A01E1E0CD500FD771A /* Products */ = {
			isa = PBXGroup;
			children = (
				831DD59F1E1E0CD500FD771A /* CollectionView.app */,
				831DD5BB1E1E0CD500FD771A /* CollectionViewTests.xctest */,
				831DD5C61E1E0CD500FD771A /* CollectionViewUITests.xctest */,
			);
			name = Products;
			sourceTree = "<group>";
		};
		831DD5A11E1E0CD500FD771A /* CollectionView */ = {
			isa = PBXGroup;
			children = (
				835424ED1E1F353000893C8E /* FLAnimatedImage */,
				835424AE1E1F348A00893C8E /* SDWebImage */,
				831DD5A51E1E0CD500FD771A /* AppDelegate.h */,
				831DD5A61E1E0CD500FD771A /* AppDelegate.m */,
				835425021E1F883000893C8E /* YBImageGallery */,
				83F5ABF11E1E301C00067DFD /* ImageCollectionCell.h */,
				83F5ABF21E1E301C00067DFD /* ImageCollectionCell.m */,
				83F5ABF31E1E301C00067DFD /* ImageCollectionCell.xib */,
				831DD5A81E1E0CD500FD771A /* ViewController.h */,
				831DD5A91E1E0CD500FD771A /* ViewController.m */,
				835424F91E1F625F00893C8E /* TestViewController.h */,
				835424FA1E1F625F00893C8E /* TestViewController.m */,
				831DD5AB1E1E0CD500FD771A /* Main.storyboard */,
				831DD5B11E1E0CD500FD771A /* Assets.xcassets */,
				831DD5B31E1E0CD500FD771A /* LaunchScreen.storyboard */,
				831DD5B61E1E0CD500FD771A /* Info.plist */,
				831DD5AE1E1E0CD500FD771A /* CollectionView.xcdatamodeld */,
				831DD5A21E1E0CD500FD771A /* Supporting Files */,
			);
			path = CollectionView;
			sourceTree = "<group>";
		};
		831DD5A21E1E0CD500FD771A /* Supporting Files */ = {
			isa = PBXGroup;
			children = (
				831DD5A31E1E0CD500FD771A /* main.m */,
			);
			name = "Supporting Files";
			sourceTree = "<group>";
		};
		831DD5BE1E1E0CD500FD771A /* CollectionViewTests */ = {
			isa = PBXGroup;
			children = (
				831DD5BF1E1E0CD500FD771A /* CollectionViewTests.m */,
				831DD5C11E1E0CD500FD771A /* Info.plist */,
			);
			path = CollectionViewTests;
			sourceTree = "<group>";
		};
		831DD5C91E1E0CD500FD771A /* CollectionViewUITests */ = {
			isa = PBXGroup;
			children = (
				831DD5CA1E1E0CD500FD771A /* CollectionViewUITests.m */,
				831DD5CC1E1E0CD500FD771A /* Info.plist */,
			);
			path = CollectionViewUITests;
			sourceTree = "<group>";
		};
		835424AE1E1F348A00893C8E /* SDWebImage */ = {
			isa = PBXGroup;
			children = (
				835424AF1E1F348A00893C8E /* FLAnimatedImage */,
				835424B21E1F348A00893C8E /* MKAnnotationView+WebCache.h */,
				835424B31E1F348A00893C8E /* MKAnnotationView+WebCache.m */,
				835424B41E1F348A00893C8E /* NSData+ImageContentType.h */,
				835424B51E1F348A00893C8E /* NSData+ImageContentType.m */,
				835424B61E1F348A00893C8E /* NSImage+WebCache.h */,
				835424B71E1F348A00893C8E /* NSImage+WebCache.m */,
				835424B81E1F348A00893C8E /* SDImageCache.h */,
				835424B91E1F348A00893C8E /* SDImageCache.m */,
				835424BA1E1F348A00893C8E /* SDImageCacheConfig.h */,
				835424BB1E1F348A00893C8E /* SDImageCacheConfig.m */,
				835424BC1E1F348A00893C8E /* SDWebImageCompat.h */,
				835424BD1E1F348A00893C8E /* SDWebImageCompat.m */,
				835424BE1E1F348A00893C8E /* SDWebImageDecoder.h */,
				835424BF1E1F348A00893C8E /* SDWebImageDecoder.m */,
				835424C01E1F348A00893C8E /* SDWebImageDownloader.h */,
				835424C11E1F348A00893C8E /* SDWebImageDownloader.m */,
				835424C21E1F348A00893C8E /* SDWebImageDownloaderOperation.h */,
				835424C31E1F348A00893C8E /* SDWebImageDownloaderOperation.m */,
				835424C41E1F348A00893C8E /* SDWebImageManager.h */,
				835424C51E1F348A00893C8E /* SDWebImageManager.m */,
				835424C61E1F348A00893C8E /* SDWebImageOperation.h */,
				835424C71E1F348A00893C8E /* SDWebImagePrefetcher.h */,
				835424C81E1F348A00893C8E /* SDWebImagePrefetcher.m */,
				835424C91E1F348A00893C8E /* UIButton+WebCache.h */,
				835424CA1E1F348A00893C8E /* UIButton+WebCache.m */,
				835424CB1E1F348A00893C8E /* UIImage+GIF.h */,
				835424CC1E1F348A00893C8E /* UIImage+GIF.m */,
				835424CD1E1F348A00893C8E /* UIImage+MultiFormat.h */,
				835424CE1E1F348A00893C8E /* UIImage+MultiFormat.m */,
				835424CF1E1F348A00893C8E /* UIImage+WebP.h */,
				835424D01E1F348A00893C8E /* UIImage+WebP.m */,
				835424D11E1F348A00893C8E /* UIImageView+HighlightedWebCache.h */,
				835424D21E1F348A00893C8E /* UIImageView+HighlightedWebCache.m */,
				835424D31E1F348A00893C8E /* UIImageView+WebCache.h */,
				835424D41E1F348A00893C8E /* UIImageView+WebCache.m */,
				835424D51E1F348A00893C8E /* UIView+WebCache.h */,
				835424D61E1F348A00893C8E /* UIView+WebCache.m */,
				835424D71E1F348A00893C8E /* UIView+WebCacheOperation.h */,
				835424D81E1F348A00893C8E /* UIView+WebCacheOperation.m */,
			);
			path = SDWebImage;
			sourceTree = "<group>";
		};
		835424AF1E1F348A00893C8E /* FLAnimatedImage */ = {
			isa = PBXGroup;
			children = (
				835424B01E1F348A00893C8E /* FLAnimatedImageView+WebCache.h */,
				835424B11E1F348A00893C8E /* FLAnimatedImageView+WebCache.m */,
			);
			path = FLAnimatedImage;
			sourceTree = "<group>";
		};
		835424ED1E1F353000893C8E /* FLAnimatedImage */ = {
			isa = PBXGroup;
			children = (
				835424EE1E1F353000893C8E /* FLAnimatedImage.h */,
				835424EF1E1F353000893C8E /* FLAnimatedImage.m */,
				835424F01E1F353000893C8E /* FLAnimatedImageView.h */,
				835424F11E1F353000893C8E /* FLAnimatedImageView.m */,
			);
			path = FLAnimatedImage;
			sourceTree = "<group>";
		};
		835425021E1F883000893C8E /* YBImageGallery */ = {
			isa = PBXGroup;
			children = (
				835424F61E1F5FBA00893C8E /* YBImageGalleryView.h */,
				835424F71E1F5FBA00893C8E /* YBImageGalleryView.m */,
				83F5AC381E1E3D2E00067DFD /* YBShowImageCollectionViewCell.h */,
				83F5AC391E1E3D2E00067DFD /* YBShowImageCollectionViewCell.m */,
				835424FC1E1F881200893C8E /* YBImageGalleryTopView.h */,
				835424FD1E1F881200893C8E /* YBImageGalleryTopView.m */,
				835424FF1E1F882A00893C8E /* YBImageGalleryBottomView.h */,
				835425001E1F882A00893C8E /* YBImageGalleryBottomView.m */,
			);
			name = YBImageGallery;
			sourceTree = "<group>";
		};
/* End PBXGroup section */

/* Begin PBXNativeTarget section */
		831DD59E1E1E0CD500FD771A /* CollectionView */ = {
			isa = PBXNativeTarget;
			buildConfigurationList = 831DD5CF1E1E0CD500FD771A /* Build configuration list for PBXNativeTarget "CollectionView" */;
			buildPhases = (
				831DD59B1E1E0CD500FD771A /* Sources */,
				831DD59C1E1E0CD500FD771A /* Frameworks */,
				831DD59D1E1E0CD500FD771A /* Resources */,
			);
			buildRules = (
			);
			dependencies = (
			);
			name = CollectionView;
			productName = CollectionView;
			productReference = 831DD59F1E1E0CD500FD771A /* CollectionView.app */;
			productType = "com.apple.product-type.application";
		};
		831DD5BA1E1E0CD500FD771A /* CollectionViewTests */ = {
			isa = PBXNativeTarget;
			buildConfigurationList = 831DD5D21E1E0CD500FD771A /* Build configuration list for PBXNativeTarget "CollectionViewTests" */;
			buildPhases = (
				831DD5B71E1E0CD500FD771A /* Sources */,
				831DD5B81E1E0CD500FD771A /* Frameworks */,
				831DD5B91E1E0CD500FD771A /* Resources */,
			);
			buildRules = (
			);
			dependencies = (
				831DD5BD1E1E0CD500FD771A /* PBXTargetDependency */,
			);
			name = CollectionViewTests;
			productName = CollectionViewTests;
			productReference = 831DD5BB1E1E0CD500FD771A /* CollectionViewTests.xctest */;
			productType = "com.apple.product-type.bundle.unit-test";
		};
		831DD5C51E1E0CD500FD771A /* CollectionViewUITests */ = {
			isa = PBXNativeTarget;
			buildConfigurationList = 831DD5D51E1E0CD500FD771A /* Build configuration list for PBXNativeTarget "CollectionViewUITests" */;
			buildPhases = (
				831DD5C21E1E0CD500FD771A /* Sources */,
				831DD5C31E1E0CD500FD771A /* Frameworks */,
				831DD5C41E1E0CD500FD771A /* Resources */,
			);
			buildRules = (
			);
			dependencies = (
				831DD5C81E1E0CD500FD771A /* PBXTargetDependency */,
			);
			name = CollectionViewUITests;
			productName = CollectionViewUITests;
			productReference = 831DD5C61E1E0CD500FD771A /* CollectionViewUITests.xctest */;
			productType = "com.apple.product-type.bundle.ui-testing";
		};
/* End PBXNativeTarget section */

/* Begin PBXProject section */
		831DD5971E1E0CD500FD771A /* Project object */ = {
			isa = PBXProject;
			attributes = {
				LastUpgradeCheck = 0730;
				ORGANIZATIONNAME = X;
				TargetAttributes = {
					831DD59E1E1E0CD500FD771A = {
						CreatedOnToolsVersion = 7.3.1;
						DevelopmentTeam = TPZU59J8D6;
					};
					831DD5BA1E1E0CD500FD771A = {
						CreatedOnToolsVersion = 7.3.1;
						TestTargetID = 831DD59E1E1E0CD500FD771A;
					};
					831DD5C51E1E0CD500FD771A = {
						CreatedOnToolsVersion = 7.3.1;
						TestTargetID = 831DD59E1E1E0CD500FD771A;
					};
				};
			};
			buildConfigurationList = 831DD59A1E1E0CD500FD771A /* Build configuration list for PBXProject "CollectionView" */;
			compatibilityVersion = "Xcode 3.2";
			developmentRegion = English;
			hasScannedForEncodings = 0;
			knownRegions = (
				en,
				Base,
			);
			mainGroup = 831DD5961E1E0CD500FD771A;
			productRefGroup = 831DD5A01E1E0CD500FD771A /* Products */;
			projectDirPath = "";
			projectRoot = "";
			targets = (
				831DD59E1E1E0CD500FD771A /* CollectionView */,
				831DD5BA1E1E0CD500FD771A /* CollectionViewTests */,
				831DD5C51E1E0CD500FD771A /* CollectionViewUITests */,
			);
		};
/* End PBXProject section */

/* Begin PBXResourcesBuildPhase section */
		831DD59D1E1E0CD500FD771A /* Resources */ = {
			isa = PBXResourcesBuildPhase;
			buildActionMask = 2147483647;
			files = (
				831DD5B51E1E0CD500FD771A /* LaunchScreen.storyboard in Resources */,
				831DD5B21E1E0CD500FD771A /* Assets.xcassets in Resources */,
				831DD5AD1E1E0CD500FD771A /* Main.storyboard in Resources */,
				83F5ABF51E1E301C00067DFD /* ImageCollectionCell.xib in Resources */,
			);
			runOnlyForDeploymentPostprocessing = 0;
		};
		831DD5B91E1E0CD500FD771A /* Resources */ = {
			isa = PBXResourcesBuildPhase;
			buildActionMask = 2147483647;
			files = (
			);
			runOnlyForDeploymentPostprocessing = 0;
		};
		831DD5C41E1E0CD500FD771A /* Resources */ = {
			isa = PBXResourcesBuildPhase;
			buildActionMask = 2147483647;
			files = (
			);
			runOnlyForDeploymentPostprocessing = 0;
		};
/* End PBXResourcesBuildPhase section */

/* Begin PBXSourcesBuildPhase section */
		831DD59B1E1E0CD500FD771A /* Sources */ = {
			isa = PBXSourcesBuildPhase;
			buildActionMask = 2147483647;
			files = (
				835424E91E1F348A00893C8E /* UIImageView+HighlightedWebCache.m in Sources */,
				835424E01E1F348A00893C8E /* SDWebImageDecoder.m in Sources */,
				835424EA1E1F348A00893C8E /* UIImageView+WebCache.m in Sources */,
				83F5ABF41E1E301C00067DFD /* ImageCollectionCell.m in Sources */,
				835424E21E1F348A00893C8E /* SDWebImageDownloaderOperation.m in Sources */,
				835424E31E1F348A00893C8E /* SDWebImageManager.m in Sources */,
				835424DA1E1F348A00893C8E /* MKAnnotationView+WebCache.m in Sources */,
				835424F41E1F353000893C8E /* FLAnimatedImageView.m in Sources */,
				831DD5AA1E1E0CD500FD771A /* ViewController.m in Sources */,
				835424F31E1F353000893C8E /* FLAnimatedImage.m in Sources */,
				835424E11E1F348A00893C8E /* SDWebImageDownloader.m in Sources */,
				831DD5A71E1E0CD500FD771A /* AppDelegate.m in Sources */,
				835424F81E1F5FBA00893C8E /* YBImageGalleryView.m in Sources */,
				835424DF1E1F348A00893C8E /* SDWebImageCompat.m in Sources */,
				835424EB1E1F348A00893C8E /* UIView+WebCache.m in Sources */,
				835424E41E1F348A00893C8E /* SDWebImagePrefetcher.m in Sources */,
				835424E71E1F348A00893C8E /* UIImage+MultiFormat.m in Sources */,
				835424EC1E1F348A00893C8E /* UIView+WebCacheOperation.m in Sources */,
				835424DC1E1F348A00893C8E /* NSImage+WebCache.m in Sources */,
				835425011E1F882A00893C8E /* YBImageGalleryBottomView.m in Sources */,
				835424DB1E1F348A00893C8E /* NSData+ImageContentType.m in Sources */,
				835424E51E1F348A00893C8E /* UIButton+WebCache.m in Sources */,
				835424FE1E1F881200893C8E /* YBImageGalleryTopView.m in Sources */,
				831DD5B01E1E0CD500FD771A /* CollectionView.xcdatamodeld in Sources */,
				835424DE1E1F348A00893C8E /* SDImageCacheConfig.m in Sources */,
				835424DD1E1F348A00893C8E /* SDImageCache.m in Sources */,
				835424FB1E1F625F00893C8E /* TestViewController.m in Sources */,
				83F5AC3A1E1E3D2E00067DFD /* YBShowImageCollectionViewCell.m in Sources */,
				835424D91E1F348A00893C8E /* FLAnimatedImageView+WebCache.m in Sources */,
				835424E61E1F348A00893C8E /* UIImage+GIF.m in Sources */,
				831DD5A41E1E0CD500FD771A /* main.m in Sources */,
				835424E81E1F348A00893C8E /* UIImage+WebP.m in Sources */,
			);
			runOnlyForDeploymentPostprocessing = 0;
		};
		831DD5B71E1E0CD500FD771A /* Sources */ = {
			isa = PBXSourcesBuildPhase;
			buildActionMask = 2147483647;
			files = (
				831DD5C01E1E0CD500FD771A /* CollectionViewTests.m in Sources */,
			);
			runOnlyForDeploymentPostprocessing = 0;
		};
		831DD5C21E1E0CD500FD771A /* Sources */ = {
			isa = PBXSourcesBuildPhase;
			buildActionMask = 2147483647;
			files = (
				831DD5CB1E1E0CD500FD771A /* CollectionViewUITests.m in Sources */,
			);
			runOnlyForDeploymentPostprocessing = 0;
		};
/* End PBXSourcesBuildPhase section */

/* Begin PBXTargetDependency section */
		831DD5BD1E1E0CD500FD771A /* PBXTargetDependency */ = {
			isa = PBXTargetDependency;
			target = 831DD59E1E1E0CD500FD771A /* CollectionView */;
			targetProxy = 831DD5BC1E1E0CD500FD771A /* PBXContainerItemProxy */;
		};
		831DD5C81E1E0CD500FD771A /* PBXTargetDependency */ = {
			isa = PBXTargetDependency;
			target = 831DD59E1E1E0CD500FD771A /* CollectionView */;
			targetProxy = 831DD5C71E1E0CD500FD771A /* PBXContainerItemProxy */;
		};
/* End PBXTargetDependency section */

/* Begin PBXVariantGroup section */
		831DD5AB1E1E0CD500FD771A /* Main.storyboard */ = {
			isa = PBXVariantGroup;
			children = (
				831DD5AC1E1E0CD500FD771A /* Base */,
			);
			name = Main.storyboard;
			sourceTree = "<group>";
		};
		831DD5B31E1E0CD500FD771A /* LaunchScreen.storyboard */ = {
			isa = PBXVariantGroup;
			children = (
				831DD5B41E1E0CD500FD771A /* Base */,
			);
			name = LaunchScreen.storyboard;
			sourceTree = "<group>";
		};
/* End PBXVariantGroup section */

/* Begin XCBuildConfiguration section */
		831DD5CD1E1E0CD500FD771A /* Debug */ = {
			isa = XCBuildConfiguration;
			buildSettings = {
				ALWAYS_SEARCH_USER_PATHS = NO;
				CLANG_ANALYZER_NONNULL = YES;
				CLANG_CXX_LANGUAGE_STANDARD = "gnu++0x";
				CLANG_CXX_LIBRARY = "libc++";
				CLANG_ENABLE_MODULES = YES;
				CLANG_ENABLE_OBJC_ARC = YES;
				CLANG_WARN_BOOL_CONVERSION = YES;
				CLANG_WARN_CONSTANT_CONVERSION = YES;
				CLANG_WARN_DIRECT_OBJC_ISA_USAGE = YES_ERROR;
				CLANG_WARN_EMPTY_BODY = YES;
				CLANG_WARN_ENUM_CONVERSION = YES;
				CLANG_WARN_INT_CONVERSION = YES;
				CLANG_WARN_OBJC_ROOT_CLASS = YES_ERROR;
				CLANG_WARN_UNREACHABLE_CODE = YES;
				CLANG_WARN__DUPLICATE_METHOD_MATCH = YES;
				"CODE_SIGN_IDENTITY[sdk=iphoneos*]" = "iPhone Developer";
				COPY_PHASE_STRIP = NO;
				DEBUG_INFORMATION_FORMAT = dwarf;
				ENABLE_STRICT_OBJC_MSGSEND = YES;
				ENABLE_TESTABILITY = YES;
				GCC_C_LANGUAGE_STANDARD = gnu99;
				GCC_DYNAMIC_NO_PIC = NO;
				GCC_NO_COMMON_BLOCKS = YES;
				GCC_OPTIMIZATION_LEVEL = 0;
				GCC_PREPROCESSOR_DEFINITIONS = (
					"DEBUG=1",
					"$(inherited)",
				);
				GCC_WARN_64_TO_32_BIT_CONVERSION = YES;
				GCC_WARN_ABOUT_RETURN_TYPE = YES_ERROR;
				GCC_WARN_UNDECLARED_SELECTOR = YES;
				GCC_WARN_UNINITIALIZED_AUTOS = YES_AGGRESSIVE;
				GCC_WARN_UNUSED_FUNCTION = YES;
				GCC_WARN_UNUSED_VARIABLE = YES;
				IPHONEOS_DEPLOYMENT_TARGET = 9.3;
				MTL_ENABLE_DEBUG_INFO = YES;
				ONLY_ACTIVE_ARCH = YES;
				SDKROOT = iphoneos;
			};
			name = Debug;
		};
		831DD5CE1E1E0CD500FD771A /* Release */ = {
			isa = XCBuildConfiguration;
			buildSettings = {
				ALWAYS_SEARCH_USER_PATHS = NO;
				CLANG_ANALYZER_NONNULL = YES;
				CLANG_CXX_LANGUAGE_STANDARD = "gnu++0x";
				CLANG_CXX_LIBRARY = "libc++";
				CLANG_ENABLE_MODULES = YES;
				CLANG_ENABLE_OBJC_ARC = YES;
				CLANG_WARN_BOOL_CONVERSION = YES;
				CLANG_WARN_CONSTANT_CONVERSION = YES;
				CLANG_WARN_DIRECT_OBJC_ISA_USAGE = YES_ERROR;
				CLANG_WARN_EMPTY_BODY = YES;
				CLANG_WARN_ENUM_CONVERSION = YES;
				CLANG_WARN_INT_CONVERSION = YES;
				CLANG_WARN_OBJC_ROOT_CLASS = YES_ERROR;
				CLANG_WARN_UNREACHABLE_CODE = YES;
				CLANG_WARN__DUPLICATE_METHOD_MATCH = YES;
				"CODE_SIGN_IDENTITY[sdk=iphoneos*]" = "iPhone Developer";
				COPY_PHASE_STRIP = NO;
				DEBUG_INFORMATION_FORMAT = "dwarf-with-dsym";
				ENABLE_NS_ASSERTIONS = NO;
				ENABLE_STRICT_OBJC_MSGSEND = YES;
				GCC_C_LANGUAGE_STANDARD = gnu99;
				GCC_NO_COMMON_BLOCKS = YES;
				GCC_WARN_64_TO_32_BIT_CONVERSION = YES;
				GCC_WARN_ABOUT_RETURN_TYPE = YES_ERROR;
				GCC_WARN_UNDECLARED_SELECTOR = YES;
				GCC_WARN_UNINITIALIZED_AUTOS = YES_AGGRESSIVE;
				GCC_WARN_UNUSED_FUNCTION = YES;
				GCC_WARN_UNUSED_VARIABLE = YES;
				IPHONEOS_DEPLOYMENT_TARGET = 9.3;
				MTL_ENABLE_DEBUG_INFO = NO;
				SDKROOT = iphoneos;
				VALIDATE_PRODUCT = YES;
			};
			name = Release;
		};
		831DD5D01E1E0CD500FD771A /* Debug */ = {
			isa = XCBuildConfiguration;
			buildSettings = {
				ASSETCATALOG_COMPILER_APPICON_NAME = AppIcon;
				DEVELOPMENT_TEAM = TPZU59J8D6;
				INFOPLIST_FILE = CollectionView/Info.plist;
				IPHONEOS_DEPLOYMENT_TARGET = 8.0;
				LD_RUNPATH_SEARCH_PATHS = "$(inherited) @executable_path/Frameworks";
				PRODUCT_BUNDLE_IDENTIFIER = yubin.CollectionView;
				PRODUCT_NAME = "$(TARGET_NAME)";
			};
			name = Debug;
		};
		831DD5D11E1E0CD500FD771A /* Release */ = {
			isa = XCBuildConfiguration;
			buildSettings = {
				ASSETCATALOG_COMPILER_APPICON_NAME = AppIcon;
				DEVELOPMENT_TEAM = TPZU59J8D6;
				INFOPLIST_FILE = CollectionView/Info.plist;
				IPHONEOS_DEPLOYMENT_TARGET = 8.0;
				LD_RUNPATH_SEARCH_PATHS = "$(inherited) @executable_path/Frameworks";
				PRODUCT_BUNDLE_IDENTIFIER = yubin.CollectionView;
				PRODUCT_NAME = "$(TARGET_NAME)";
			};
			name = Release;
		};
		831DD5D31E1E0CD500FD771A /* Debug */ = {
			isa = XCBuildConfiguration;
			buildSettings = {
				BUNDLE_LOADER = "$(TEST_HOST)";
				INFOPLIST_FILE = CollectionViewTests/Info.plist;
				LD_RUNPATH_SEARCH_PATHS = "$(inherited) @executable_path/Frameworks @loader_path/Frameworks";
				PRODUCT_BUNDLE_IDENTIFIER = yubin.CollectionViewTests;
				PRODUCT_NAME = "$(TARGET_NAME)";
				TEST_HOST = "$(BUILT_PRODUCTS_DIR)/CollectionView.app/CollectionView";
			};
			name = Debug;
		};
		831DD5D41E1E0CD500FD771A /* Release */ = {
			isa = XCBuildConfiguration;
			buildSettings = {
				BUNDLE_LOADER = "$(TEST_HOST)";
				INFOPLIST_FILE = CollectionViewTests/Info.plist;
				LD_RUNPATH_SEARCH_PATHS = "$(inherited) @executable_path/Frameworks @loader_path/Frameworks";
				PRODUCT_BUNDLE_IDENTIFIER = yubin.CollectionViewTests;
				PRODUCT_NAME = "$(TARGET_NAME)";
				TEST_HOST = "$(BUILT_PRODUCTS_DIR)/CollectionView.app/CollectionView";
			};
			name = Release;
		};
		831DD5D61E1E0CD500FD771A /* Debug */ = {
			isa = XCBuildConfiguration;
			buildSettings = {
				INFOPLIST_FILE = CollectionViewUITests/Info.plist;
				LD_RUNPATH_SEARCH_PATHS = "$(inherited) @executable_path/Frameworks @loader_path/Frameworks";
				PRODUCT_BUNDLE_IDENTIFIER = yubin.CollectionViewUITests;
				PRODUCT_NAME = "$(TARGET_NAME)";
				TEST_TARGET_NAME = CollectionView;
			};
			name = Debug;
		};
		831DD5D71E1E0CD500FD771A /* Release */ = {
			isa = XCBuildConfiguration;
			buildSettings = {
				INFOPLIST_FILE = CollectionViewUITests/Info.plist;
				LD_RUNPATH_SEARCH_PATHS = "$(inherited) @executable_path/Frameworks @loader_path/Frameworks";
				PRODUCT_BUNDLE_IDENTIFIER = yubin.CollectionViewUITests;
				PRODUCT_NAME = "$(TARGET_NAME)";
				TEST_TARGET_NAME = CollectionView;
			};
			name = Release;
		};
/* End XCBuildConfiguration section */

/* Begin XCConfigurationList section */
		831DD59A1E1E0CD500FD771A /* Build configuration list for PBXProject "CollectionView" */ = {
			isa = XCConfigurationList;
			buildConfigurations = (
				831DD5CD1E1E0CD500FD771A /* Debug */,
				831DD5CE1E1E0CD500FD771A /* Release */,
			);
			defaultConfigurationIsVisible = 0;
			defaultConfigurationName = Release;
		};
		831DD5CF1E1E0CD500FD771A /* Build configuration list for PBXNativeTarget "CollectionView" */ = {
			isa = XCConfigurationList;
			buildConfigurations = (
				831DD5D01E1E0CD500FD771A /* Debug */,
				831DD5D11E1E0CD500FD771A /* Release */,
			);
			defaultConfigurationIsVisible = 0;
			defaultConfigurationName = Release;
		};
		831DD5D21E1E0CD500FD771A /* Build configuration list for PBXNativeTarget "CollectionViewTests" */ = {
			isa = XCConfigurationList;
			buildConfigurations = (
				831DD5D31E1E0CD500FD771A /* Debug */,
				831DD5D41E1E0CD500FD771A /* Release */,
			);
			defaultConfigurationIsVisible = 0;
			defaultConfigurationName = Release;
		};
		831DD5D51E1E0CD500FD771A /* Build configuration list for PBXNativeTarget "CollectionViewUITests" */ = {
			isa = XCConfigurationList;
			buildConfigurations = (
				831DD5D61E1E0CD500FD771A /* Debug */,
				831DD5D71E1E0CD500FD771A /* Release */,
			);
			defaultConfigurationIsVisible = 0;
			defaultConfigurationName = Release;
		};
/* End XCConfigurationList section */

/* Begin XCVersionGroup section */
		831DD5AE1E1E0CD500FD771A /* CollectionView.xcdatamodeld */ = {
			isa = XCVersionGroup;
			children = (
				831DD5AF1E1E0CD500FD771A /* CollectionView.xcdatamodel */,
			);
			currentVersion = 831DD5AF1E1E0CD500FD771A /* CollectionView.xcdatamodel */;
			path = CollectionView.xcdatamodeld;
			sourceTree = "<group>";
			versionGroupType = wrapper.xcdatamodel;
		};
/* End XCVersionGroup section */
	};
	rootObject = 831DD5971E1E0CD500FD771A /* Project object */;
}
